Microsoft Visual Studio Solution File, Format Version 12.00
# Visual Studio 2012
Project("{FAE04EC0-301F-11D3-BF4B-00C04F79EFBC}") = "Last Spark", "Last Spark.csproj", "{B149367D-B860-4DC0-9A32-9B55DD5968D4}"
EndProject
Global
	GlobalSection(SolutionConfigurationPlatforms) = preSolution
	Debug|Any CPU = Debug|Any CPU
	ExportDebug|Any CPU = ExportDebug|Any CPU
	ExportRelease|Any CPU = ExportRelease|Any CPU
	EndGlobalSection
	GlobalSection(ProjectConfigurationPlatforms) = postSolution
		{B149367D-B860-4DC0-9A32-9B55DD5968D4}.Debug|Any CPU.ActiveCfg = Debug|Any CPU
		{B149367D-B860-4DC0-9A32-9B55DD5968D4}.Debug|Any CPU.Build.0 = Debug|Any CPU
		{B149367D-B860-4DC0-9A32-9B55DD5968D4}.ExportDebug|Any CPU.ActiveCfg = ExportDebug|Any CPU
		{B149367D-B860-4DC0-9A32-9B55DD5968D4}.ExportDebug|Any CPU.Build.0 = ExportDebug|Any CPU
		{B149367D-B860-4DC0-9A32-9B55DD5968D4}.ExportRelease|Any CPU.ActiveCfg = ExportRelease|Any CPU
		{B149367D-B860-4DC0-9A32-9B55DD5968D4}.ExportRelease|Any CPU.Build.0 = ExportRelease|Any CPU
	EndGlobalSection
EndGlobal
